
Microsoft Visual Studio Solution File, Format Version 12.00
# Visual Studio Version 17
VisualStudioVersion = 17.6.33829.357
MinimumVisualStudioVersion = 10.0.40219.1
Project("{9A19103F-16F7-4668-BE54-9A1E7A4F7556}") = "MyFirstShop", "MyFirstShop\MyFirstShop.csproj", "{A6627145-673C-4043-AFDC-2856905CF05B}"
EndProject
Global
	GlobalSection(SolutionConfigurationPlatforms) = preSolution
		Debug|Any CPU = Debug|Any CPU
		Release|Any CPU = Release|Any CPU
	EndGlobalSection
	GlobalSection(ProjectConfigurationPlatforms) = postSolution
		{A6627145-673C-4043-AFDC-2856905CF05B}.Debug|Any CPU.ActiveCfg = Debug|Any CPU
		{A6627145-673C-4043-AFDC-2856905CF05B}.Debug|Any CPU.Build.0 = Debug|Any CPU
		{A6627145-673C-4043-AFDC-2856905CF05B}.Release|Any CPU.ActiveCfg = Release|Any CPU
		{A6627145-673C-4043-AFDC-2856905CF05B}.Release|Any CPU.Build.0 = Release|Any CPU
	EndGlobalSection
	GlobalSection(SolutionProperties) = preSolution
		HideSolutionNode = FALSE
	EndGlobalSection
	GlobalSection(ExtensibilityGlobals) = postSolution
		SolutionGuid = {6C92778C-78EB-4A32-942B-8423862B64FA}
	EndGlobalSection
EndGlobal
